// !$*UTF8*$!
{
	archiveVersion = 1;
	classes = {
	};
	objectVersion = 56;
	objects = {

/* Begin PBXBuildFile section */
		BAA355DF2AD6323B0024A7B6 /* ss3App.swift in Sources */ = {isa = PBXBuildFile; fileRef = BAA355DE2AD6323B0024A7B6 /* ss3App.swift */; };
		BAA355E12AD6323B0024A7B6 /* ContentView.swift in Sources */ = {isa = PBXBuildFile; fileRef = BAA355E02AD6323B0024A7B6 /* ContentView.swift */; };
		BAA355E32AD6323C0024A7B6 /* Assets.xcassets in Resources */ = {isa = PBXBuildFile; fileRef = BAA355E22AD6323C0024A7B6 /* Assets.xcassets */; };
		BAA355E72AD6323C0024A7B6 /* Preview Assets.xcassets in Resources */ = {isa = PBXBuildFile; fileRef = BAA355E62AD6323C0024A7B6 /* Preview Assets.xcassets */; };
		BAA355F12AD6323C0024A7B6 /* ss3Tests.swift in Sources */ = {isa = PBXBuildFile; fileRef = BAA355F02AD6323C0024A7B6 /* ss3Tests.swift */; };
		BAA355FB2AD6323C0024A7B6 /* ss3UITests.swift in Sources */ = {isa = PBXBuildFile; fileRef = BAA355FA2AD6323C0024A7B6 /* ss3UITests.swift */; };
		BAA355FD2AD6323C0024A7B6 /* ss3UITestsLaunchTests.swift in Sources */ = {isa = PBXBuildFile; fileRef = BAA355FC2AD6323C0024A7B6 /* ss3UITestsLaunchTests.swift */; };
/* End PBXBuildFile section */

/* Begin PBXContainerItemProxy section */
		BAA355ED2AD6323C0024A7B6 /* PBXContainerItemProxy */ = {
			isa = PBXContainerItemProxy;
			containerPortal = BAA355D32AD6323B0024A7B6 /* Project object */;
			proxyType = 1;
			remoteGlobalIDString = BAA355DA2AD6323B0024A7B6;
			remoteInfo = ss3;
		};
		BAA355F72AD6323C0024A7B6 /* PBXContainerItemProxy */ = {
			isa = PBXContainerItemProxy;
			containerPortal = BAA355D32AD6323B0024A7B6 /* Project object */;
			proxyType = 1;
			remoteGlobalIDString = BAA355DA2AD6323B0024A7B6;
			remoteInfo = ss3;
		};
/* End PBXContainerItemProxy section */

/* Begin PBXFileReference section */
		BAA355DB2AD6323B0024A7B6 /* ss3.app */ = {isa = PBXFileReference; explicitFileType = wrapper.application; includeInIndex = 0; path = ss3.app; sourceTree = BUILT_PRODUCTS_DIR; };
		BAA355DE2AD6323B0024A7B6 /* ss3App.swift */ = {isa = PBXFileReference; lastKnownFileType = sourcecode.swift; path = ss3App.swift; sourceTree = "<group>"; };
		BAA355E02AD6323B0024A7B6 /* ContentView.swift */ = {isa = PBXFileReference; lastKnownFileType = sourcecode.swift; path = ContentView.swift; sourceTree = "<group>"; };
		BAA355E22AD6323C0024A7B6 /* Assets.xcassets */ = {isa = PBXFileReference; lastKnownFileType = folder.assetcatalog; path = Assets.xcassets; sourceTree = "<group>"; };
		BAA355E42AD6323C0024A7B6 /* ss3.entitlements */ = {isa = PBXFileReference; lastKnownFileType = text.plist.entitlements; path = ss3.entitlements; sourceTree = "<group>"; };
		BAA355E62AD6323C0024A7B6 /* Preview Assets.xcassets */ = {isa = PBXFileReference; lastKnownFileType = folder.assetcatalog; path = "Preview Assets.xcassets"; sourceTree = "<group>"; };
		BAA355EC2AD6323C0024A7B6 /* ss3Tests.xctest */ = {isa = PBXFileReference; explicitFileType = wrapper.cfbundle; includeInIndex = 0; path = ss3Tests.xctest; sourceTree = BUILT_PRODUCTS_DIR; };
		BAA355F02AD6323C0024A7B6 /* ss3Tests.swift */ = {isa = PBXFileReference; lastKnownFileType = sourcecode.swift; path = ss3Tests.swift; sourceTree = "<group>"; };
		BAA355F62AD6323C0024A7B6 /* ss3UITests.xctest */ = {isa = PBXFileReference; explicitFileType = wrapper.cfbundle; includeInIndex = 0; path = ss3UITests.xctest; sourceTree = BUILT_PRODUCTS_DIR; };
		BAA355FA2AD6323C0024A7B6 /* ss3UITests.swift */ = {isa = PBXFileReference; lastKnownFileType = sourcecode.swift; path = ss3UITests.swift; sourceTree = "<group>"; };
		BAA355FC2AD6323C0024A7B6 /* ss3UITestsLaunchTests.swift */ = {isa = PBXFileReference; lastKnownFileType = sourcecode.swift; path = ss3UITestsLaunchTests.swift; sourceTree = "<group>"; };
/* End PBXFileReference section */

/* Begin PBXFrameworksBuildPhase section */
		BAA355D82AD6323B0024A7B6 /* Frameworks */ = {
			isa = PBXFrameworksBuildPhase;
			buildActionMask = 2147483647;
			files = (
			);
			runOnlyForDeploymentPostprocessing = 0;
		};
		BAA355E92AD6323C0024A7B6 /* Frameworks */ = {
			isa = PBXFrameworksBuildPhase;
			buildActionMask = 2147483647;
			files = (
			);
			runOnlyForDeploymentPostprocessing = 0;
		};
		BAA355F32AD6323C0024A7B6 /* Frameworks */ = {
			isa = PBXFrameworksBuildPhase;
			buildActionMask = 2147483647;
			files = (
			);
			runOnlyForDeploymentPostprocessing = 0;
		};
/* End PBXFrameworksBuildPhase section */

/* Begin PBXGroup section */
		BAA355D22AD6323B0024A7B6 = {
			isa = PBXGroup;
			children = (
				BAA355DD2AD6323B0024A7B6 /* ss3 */,
				BAA355EF2AD6323C0024A7B6 /* ss3Tests */,
				BAA355F92AD6323C0024A7B6 /* ss3UITests */,
				BAA355DC2AD6323B0024A7B6 /* Products */,
			);
			sourceTree = "<group>";
		};
		BAA355DC2AD6323B0024A7B6 /* Products */ = {
			isa = PBXGroup;
			children = (
				BAA355DB2AD6323B0024A7B6 /* ss3.app */,
				BAA355EC2AD6323C0024A7B6 /* ss3Tests.xctest */,
				BAA355F62AD6323C0024A7B6 /* ss3UITests.xctest */,
			);
			name = Products;
			sourceTree = "<group>";
		};
		BAA355DD2AD6323B0024A7B6 /* ss3 */ = {
			isa = PBXGroup;
			children = (
				BAA355DE2AD6323B0024A7B6 /* ss3App.swift */,
				BAA355E02AD6323B0024A7B6 /* ContentView.swift */,
				BAA355E22AD6323C0024A7B6 /* Assets.xcassets */,
				BAA355E42AD6323C0024A7B6 /* ss3.entitlements */,
				BAA355E52AD6323C0024A7B6 /* Preview Content */,
			);
			path = ss3;
			sourceTree = "<group>";
		};
		BAA355E52AD6323C0024A7B6 /* Preview Content */ = {
			isa = PBXGroup;
			children = (
				BAA355E62AD6323C0024A7B6 /* Preview Assets.xcassets */,
			);
			path = "Preview Content";
			sourceTree = "<group>";
		};
		BAA355EF2AD6323C0024A7B6 /* ss3Tests */ = {
			isa = PBXGroup;
			children = (
				BAA355F02AD6323C0024A7B6 /* ss3Tests.swift */,
			);
			path = ss3Tests;
			sourceTree = "<group>";
		};
		BAA355F92AD6323C0024A7B6 /* ss3UITests */ = {
			isa = PBXGroup;
			children = (
				BAA355FA2AD6323C0024A7B6 /* ss3UITests.swift */,
				BAA355FC2AD6323C0024A7B6 /* ss3UITestsLaunchTests.swift */,
			);
			path = ss3UITests;
			sourceTree = "<group>";
		};
/* End PBXGroup section */

/* Begin PBXNativeTarget section */
		BAA355DA2AD6323B0024A7B6 /* ss3 */ = {
			isa = PBXNativeTarget;
			buildConfigurationList = BAA356002AD6323C0024A7B6 /* Build configuration list for PBXNativeTarget "ss3" */;
			buildPhases = (
				BAA355D72AD6323B0024A7B6 /* Sources */,
				BAA355D82AD6323B0024A7B6 /* Frameworks */,
				BAA355D92AD6323B0024A7B6 /* Resources */,
			);
			buildRules = (
			);
			dependencies = (
			);
			name = ss3;
			productName = ss3;
			productReference = BAA355DB2AD6323B0024A7B6 /* ss3.app */;
			productType = "com.apple.product-type.application";
		};
		BAA355EB2AD6323C0024A7B6 /* ss3Tests */ = {
			isa = PBXNativeTarget;
			buildConfigurationList = BAA356032AD6323C0024A7B6 /* Build configuration list for PBXNativeTarget "ss3Tests" */;
			buildPhases = (
				BAA355E82AD6323C0024A7B6 /* Sources */,
				BAA355E92AD6323C0024A7B6 /* Frameworks */,
				BAA355EA2AD6323C0024A7B6 /* Resources */,
			);
			buildRules = (
			);
			dependencies = (
				BAA355EE2AD6323C0024A7B6 /* PBXTargetDependency */,
			);
			name = ss3Tests;
			productName = ss3Tests;
			productReference = BAA355EC2AD6323C0024A7B6 /* ss3Tests.xctest */;
			productType = "com.apple.product-type.bundle.unit-test";
		};
		BAA355F52AD6323C0024A7B6 /* ss3UITests */ = {
			isa = PBXNativeTarget;
			buildConfigurationList = BAA356062AD6323C0024A7B6 /* Build configuration list for PBXNativeTarget "ss3UITests" */;
			buildPhases = (
				BAA355F22AD6323C0024A7B6 /* Sources */,
				BAA355F32AD6323C0024A7B6 /* Frameworks */,
				BAA355F42AD6323C0024A7B6 /* Resources */,
			);
			buildRules = (
			);
			dependencies = (
				BAA355F82AD6323C0024A7B6 /* PBXTargetDependency */,
			);
			name = ss3UITests;
			productName = ss3UITests;
			productReference = BAA355F62AD6323C0024A7B6 /* ss3UITests.xctest */;
			productType = "com.apple.product-type.bundle.ui-testing";
		};
/* End PBXNativeTarget section */

/* Begin PBXProject section */
		BAA355D32AD6323B0024A7B6 /* Project object */ = {
			isa = PBXProject;
			attributes = {
				BuildIndependentTargetsInParallel = 1;
				LastSwiftUpdateCheck = 1500;
				LastUpgradeCheck = 1500;
				TargetAttributes = {
					BAA355DA2AD6323B0024A7B6 = {
						CreatedOnToolsVersion = 15.0;
					};
					BAA355EB2AD6323C0024A7B6 = {
						CreatedOnToolsVersion = 15.0;
						TestTargetID = BAA355DA2AD6323B0024A7B6;
					};
					BAA355F52AD6323C0024A7B6 = {
						CreatedOnToolsVersion = 15.0;
						TestTargetID = BAA355DA2AD6323B0024A7B6;
					};
				};
			};
			buildConfigurationList = BAA355D62AD6323B0024A7B6 /* Build configuration list for PBXProject "ss3" */;
			compatibilityVersion = "Xcode 14.0";
			developmentRegion = en;
			hasScannedForEncodings = 0;
			knownRegions = (
				en,
				Base,
			);
			mainGroup = BAA355D22AD6323B0024A7B6;
			productRefGroup = BAA355DC2AD6323B0024A7B6 /* Products */;
			projectDirPath = "";
			projectRoot = "";
			targets = (
				BAA355DA2AD6323B0024A7B6 /* ss3 */,
				BAA355EB2AD6323C0024A7B6 /* ss3Tests */,
				BAA355F52AD6323C0024A7B6 /* ss3UITests */,
			);
		};
/* End PBXProject section */

/* Begin PBXResourcesBuildPhase section */
		BAA355D92AD6323B0024A7B6 /* Resources */ = {
			isa = PBXResourcesBuildPhase;
			buildActionMask = 2147483647;
			files = (
				BAA355E72AD6323C0024A7B6 /* Preview Assets.xcassets in Resources */,
				BAA355E32AD6323C0024A7B6 /* Assets.xcassets in Resources */,
			);
			runOnlyForDeploymentPostprocessing = 0;
		};
		BAA355EA2AD6323C0024A7B6 /* Resources */ = {
			isa = PBXResourcesBuildPhase;
			buildActionMask = 2147483647;
			files = (
			);
			runOnlyForDeploymentPostprocessing = 0;
		};
		BAA355F42AD6323C0024A7B6 /* Resources */ = {
			isa = PBXResourcesBuildPhase;
			buildActionMask = 2147483647;
			files = (
			);
			runOnlyForDeploymentPostprocessing = 0;
		};
/* End PBXResourcesBuildPhase section */

/* Begin PBXSourcesBuildPhase section */
		BAA355D72AD6323B0024A7B6 /* Sources */ = {
			isa = PBXSourcesBuildPhase;
			buildActionMask = 2147483647;
			files = (
				BAA355E12AD6323B0024A7B6 /* ContentView.swift in Sources */,
				BAA355DF2AD6323B0024A7B6 /* ss3App.swift in Sources */,
			);
			runOnlyForDeploymentPostprocessing = 0;
		};
		BAA355E82AD6323C0024A7B6 /* Sources */ = {
			isa = PBXSourcesBuildPhase;
			buildActionMask = 2147483647;
			files = (
				BAA355F12AD6323C0024A7B6 /* ss3Tests.swift in Sources */,
			);
			runOnlyForDeploymentPostprocessing = 0;
		};
		BAA355F22AD6323C0024A7B6 /* Sources */ = {
			isa = PBXSourcesBuildPhase;
			buildActionMask = 2147483647;
			files = (
				BAA355FD2AD6323C0024A7B6 /* ss3UITestsLaunchTests.swift in Sources */,
				BAA355FB2AD6323C0024A7B6 /* ss3UITests.swift in Sources */,
			);
			runOnlyForDeploymentPostprocessing = 0;
		};
/* End PBXSourcesBuildPhase section */

/* Begin PBXTargetDependency section */
		BAA355EE2AD6323C0024A7B6 /* PBXTargetDependency */ = {
			isa = PBXTargetDependency;
			target = BAA355DA2AD6323B0024A7B6 /* ss3 */;
			targetProxy = BAA355ED2AD6323C0024A7B6 /* PBXContainerItemProxy */;
		};
		BAA355F82AD6323C0024A7B6 /* PBXTargetDependency */ = {
			isa = PBXTargetDependency;
			target = BAA355DA2AD6323B0024A7B6 /* ss3 */;
			targetProxy = BAA355F72AD6323C0024A7B6 /* PBXContainerItemProxy */;
		};
/* End PBXTargetDependency section */

/* Begin XCBuildConfiguration section */
		BAA355FE2AD6323C0024A7B6 /* Debug */ = {
			isa = XCBuildConfiguration;
			buildSettings = {
				ALWAYS_SEARCH_USER_PATHS = NO;
				ASSETCATALOG_COMPILER_GENERATE_SWIFT_ASSET_SYMBOL_EXTENSIONS = YES;
				CLANG_ANALYZER_NONNULL = YES;
				CLANG_ANALYZER_NUMBER_OBJECT_CONVERSION = YES_AGGRESSIVE;
				CLANG_CXX_LANGUAGE_STANDARD = "gnu++20";
				CLANG_ENABLE_MODULES = YES;
				CLANG_ENABLE_OBJC_ARC = YES;
				CLANG_ENABLE_OBJC_WEAK = YES;
				CLANG_WARN_BLOCK_CAPTURE_AUTORELEASING = YES;
				CLANG_WARN_BOOL_CONVERSION = YES;
				CLANG_WARN_COMMA = YES;
				CLANG_WARN_CONSTANT_CONVERSION = YES;
				CLANG_WARN_DEPRECATED_OBJC_IMPLEMENTATIONS = YES;
				CLANG_WARN_DIRECT_OBJC_ISA_USAGE = YES_ERROR;
				CLANG_WARN_DOCUMENTATION_COMMENTS = YES;
				CLANG_WARN_EMPTY_BODY = YES;
				CLANG_WARN_ENUM_CONVERSION = YES;
				CLANG_WARN_INFINITE_RECURSION = YES;
				CLANG_WARN_INT_CONVERSION = YES;
				CLANG_WARN_NON_LITERAL_NULL_CONVERSION = YES;
				CLANG_WARN_OBJC_IMPLICIT_RETAIN_SELF = YES;
				CLANG_WARN_OBJC_LITERAL_CONVERSION = YES;
				CLANG_WARN_OBJC_ROOT_CLASS = YES_ERROR;
				CLANG_WARN_QUOTED_INCLUDE_IN_FRAMEWORK_HEADER = YES;
				CLANG_WARN_RANGE_LOOP_ANALYSIS = YES;
				CLANG_WARN_STRICT_PROTOTYPES = YES;
				CLANG_WARN_SUSPICIOUS_MOVE = YES;
				CLANG_WARN_UNGUARDED_AVAILABILITY = YES_AGGRESSIVE;
				CLANG_WARN_UNREACHABLE_CODE = YES;
				CLANG_WARN__DUPLICATE_METHOD_MATCH = YES;
				COPY_PHASE_STRIP = NO;
				DEBUG_INFORMATION_FORMAT = dwarf;
				ENABLE_STRICT_OBJC_MSGSEND = YES;
				ENABLE_TESTABILITY = YES;
				ENABLE_USER_SCRIPT_SANDBOXING = YES;
				GCC_C_LANGUAGE_STANDARD = gnu17;
				GCC_DYNAMIC_NO_PIC = NO;
				GCC_NO_COMMON_BLOCKS = YES;
				GCC_OPTIMIZATION_LEVEL = 0;
				GCC_PREPROCESSOR_DEFINITIONS = (
					"DEBUG=1",
					"$(inherited)",
				);
				GCC_WARN_64_TO_32_BIT_CONVERSION = YES;
				GCC_WARN_ABOUT_RETURN_TYPE = YES_ERROR;
				GCC_WARN_UNDECLARED_SELECTOR = YES;
				GCC_WARN_UNINITIALIZED_AUTOS = YES_AGGRESSIVE;
				GCC_WARN_UNUSED_FUNCTION = YES;
				GCC_WARN_UNUSED_VARIABLE = YES;
				LOCALIZATION_PREFERS_STRING_CATALOGS = YES;
				MTL_ENABLE_DEBUG_INFO = INCLUDE_SOURCE;
				MTL_FAST_MATH = YES;
				ONLY_ACTIVE_ARCH = YES;
				SWIFT_ACTIVE_COMPILATION_CONDITIONS = "DEBUG $(inherited)";
				SWIFT_OPTIMIZATION_LEVEL = "-Onone";
			};
			name = Debug;
		};
		BAA355FF2AD6323C0024A7B6 /* Release */ = {
			isa = XCBuildConfiguration;
			buildSettings = {
				ALWAYS_SEARCH_USER_PATHS = NO;
				ASSETCATALOG_COMPILER_GENERATE_SWIFT_ASSET_SYMBOL_EXTENSIONS = YES;
				CLANG_ANALYZER_NONNULL = YES;
				CLANG_ANALYZER_NUMBER_OBJECT_CONVERSION = YES_AGGRESSIVE;
				CLANG_CXX_LANGUAGE_STANDARD = "gnu++20";
				CLANG_ENABLE_MODULES = YES;
				CLANG_ENABLE_OBJC_ARC = YES;
				CLANG_ENABLE_OBJC_WEAK = YES;
				CLANG_WARN_BLOCK_CAPTURE_AUTORELEASING = YES;
				CLANG_WARN_BOOL_CONVERSION = YES;
				CLANG_WARN_COMMA = YES;
				CLANG_WARN_CONSTANT_CONVERSION = YES;
				CLANG_WARN_DEPRECATED_OBJC_IMPLEMENTATIONS = YES;
				CLANG_WARN_DIRECT_OBJC_ISA_USAGE = YES_ERROR;
				CLANG_WARN_DOCUMENTATION_COMMENTS = YES;
				CLANG_WARN_EMPTY_BODY = YES;
				CLANG_WARN_ENUM_CONVERSION = YES;
				CLANG_WARN_INFINITE_RECURSION = YES;
				CLANG_WARN_INT_CONVERSION = YES;
				CLANG_WARN_NON_LITERAL_NULL_CONVERSION = YES;
				CLANG_WARN_OBJC_IMPLICIT_RETAIN_SELF = YES;
				CLANG_WARN_OBJC_LITERAL_CONVERSION = YES;
				CLANG_WARN_OBJC_ROOT_CLASS = YES_ERROR;
				CLANG_WARN_QUOTED_INCLUDE_IN_FRAMEWORK_HEADER = YES;
				CLANG_WARN_RANGE_LOOP_ANALYSIS = YES;
				CLANG_WARN_STRICT_PROTOTYPES = YES;
				CLANG_WARN_SUSPICIOUS_MOVE = YES;
				CLANG_WARN_UNGUARDED_AVAILABILITY = YES_AGGRESSIVE;
				CLANG_WARN_UNREACHABLE_CODE = YES;
				CLANG_WARN__DUPLICATE_METHOD_MATCH = YES;
				COPY_PHASE_STRIP = NO;
				DEBUG_INFORMATION_FORMAT = "dwarf-with-dsym";
				ENABLE_NS_ASSERTIONS = NO;
				ENABLE_STRICT_OBJC_MSGSEND = YES;
				ENABLE_USER_SCRIPT_SANDBOXING = YES;
				GCC_C_LANGUAGE_STANDARD = gnu17;
				GCC_NO_COMMON_BLOCKS = YES;
				GCC_WARN_64_TO_32_BIT_CONVERSION = YES;
				GCC_WARN_ABOUT_RETURN_TYPE = YES_ERROR;
				GCC_WARN_UNDECLARED_SELECTOR = YES;
				GCC_WARN_UNINITIALIZED_AUTOS = YES_AGGRESSIVE;
				GCC_WARN_UNUSED_FUNCTION = YES;
				GCC_WARN_UNUSED_VARIABLE = YES;
				LOCALIZATION_PREFERS_STRING_CATALOGS = YES;
				MTL_ENABLE_DEBUG_INFO = NO;
				MTL_FAST_MATH = YES;
				SWIFT_COMPILATION_MODE = wholemodule;
			};
			name = Release;
		};
		BAA356012AD6323C0024A7B6 /* Debug */ = {
			isa = XCBuildConfiguration;
			buildSettings = {
				ASSETCATALOG_COMPILER_APPICON_NAME = AppIcon;
				ASSETCATALOG_COMPILER_GLOBAL_ACCENT_COLOR_NAME = AccentColor;
				CODE_SIGN_ENTITLEMENTS = ss3/ss3.entitlements;
				CODE_SIGN_STYLE = Automatic;
				CURRENT_PROJECT_VERSION = 1;
				DEVELOPMENT_ASSET_PATHS = "\"ss3/Preview Content\"";
				ENABLE_PREVIEWS = YES;
				GENERATE_INFOPLIST_FILE = YES;
				"INFOPLIST_KEY_UIApplicationSceneManifest_Generation[sdk=iphoneos*]" = YES;
				"INFOPLIST_KEY_UIApplicationSceneManifest_Generation[sdk=iphonesimulator*]" = YES;
				"INFOPLIST_KEY_UIApplicationSupportsIndirectInputEvents[sdk=iphoneos*]" = YES;
				"INFOPLIST_KEY_UIApplicationSupportsIndirectInputEvents[sdk=iphonesimulator*]" = YES;
				"INFOPLIST_KEY_UILaunchScreen_Generation[sdk=iphoneos*]" = YES;
				"INFOPLIST_KEY_UILaunchScreen_Generation[sdk=iphonesimulator*]" = YES;
				"INFOPLIST_KEY_UIStatusBarStyle[sdk=iphoneos*]" = UIStatusBarStyleDefault;
				"INFOPLIST_KEY_UIStatusBarStyle[sdk=iphonesimulator*]" = UIStatusBarStyleDefault;
				INFOPLIST_KEY_UISupportedInterfaceOrientations_iPad = "UIInterfaceOrientationPortrait UIInterfaceOrientationPortraitUpsideDown UIInterfaceOrientationLandscapeLeft UIInterfaceOrientationLandscapeRight";
				INFOPLIST_KEY_UISupportedInterfaceOrientations_iPhone = "UIInterfaceOrientationPortrait UIInterfaceOrientationLandscapeLeft UIInterfaceOrientationLandscapeRight";
				IPHONEOS_DEPLOYMENT_TARGET = 17.0;
				LD_RUNPATH_SEARCH_PATHS = "@executable_path/Frameworks";
				"LD_RUNPATH_SEARCH_PATHS[sdk=macosx*]" = "@executable_path/../Frameworks";
				MACOSX_DEPLOYMENT_TARGET = 14.0;
				MARKETING_VERSION = 1.0;
				PRODUCT_BUNDLE_IDENTIFIER = learningSwift1.ss3;
				PRODUCT_NAME = "$(TARGET_NAME)";
				SDKROOT = auto;
				SUPPORTED_PLATFORMS = "iphoneos iphonesimulator macosx";
				SWIFT_EMIT_LOC_STRINGS = YES;
				SWIFT_VERSION = 5.0;
				TARGETED_DEVICE_FAMILY = "1,2";
			};
			name = Debug;
		};
		BAA356022AD6323C0024A7B6 /* Release */ = {
			isa = XCBuildConfiguration;
			buildSettings = {
				ASSETCATALOG_COMPILER_APPICON_NAME = AppIcon;
				ASSETCATALOG_COMPILER_GLOBAL_ACCENT_COLOR_NAME = AccentColor;
				CODE_SIGN_ENTITLEMENTS = ss3/ss3.entitlements;
				CODE_SIGN_STYLE = Automatic;
				CURRENT_PROJECT_VERSION = 1;
				DEVELOPMENT_ASSET_PATHS = "\"ss3/Preview Content\"";
				ENABLE_PREVIEWS = YES;
				GENERATE_INFOPLIST_FILE = YES;
				"INFOPLIST_KEY_UIApplicationSceneManifest_Generation[sdk=iphoneos*]" = YES;
				"INFOPLIST_KEY_UIApplicationSceneManifest_Generation[sdk=iphonesimulator*]" = YES;
				"INFOPLIST_KEY_UIApplicationSupportsIndirectInputEvents[sdk=iphoneos*]" = YES;
				"INFOPLIST_KEY_UIApplicationSupportsIndirectInputEvents[sdk=iphonesimulator*]" = YES;
				"INFOPLIST_KEY_UILaunchScreen_Generation[sdk=iphoneos*]" = YES;
				"INFOPLIST_KEY_UILaunchScreen_Generation[sdk=iphonesimulator*]" = YES;
				"INFOPLIST_KEY_UIStatusBarStyle[sdk=iphoneos*]" = UIStatusBarStyleDefault;
				"INFOPLIST_KEY_UIStatusBarStyle[sdk=iphonesimulator*]" = UIStatusBarStyleDefault;
				INFOPLIST_KEY_UISupportedInterfaceOrientations_iPad = "UIInterfaceOrientationPortrait UIInterfaceOrientationPortraitUpsideDown UIInterfaceOrientationLandscapeLeft UIInterfaceOrientationLandscapeRight";
				INFOPLIST_KEY_UISupportedInterfaceOrientations_iPhone = "UIInterfaceOrientationPortrait UIInterfaceOrientationLandscapeLeft UIInterfaceOrientationLandscapeRight";
				IPHONEOS_DEPLOYMENT_TARGET = 17.0;
				LD_RUNPATH_SEARCH_PATHS = "@executable_path/Frameworks";
				"LD_RUNPATH_SEARCH_PATHS[sdk=macosx*]" = "@executable_path/../Frameworks";
				MACOSX_DEPLOYMENT_TARGET = 14.0;
				MARKETING_VERSION = 1.0;
				PRODUCT_BUNDLE_IDENTIFIER = learningSwift1.ss3;
				PRODUCT_NAME = "$(TARGET_NAME)";
				SDKROOT = auto;
				SUPPORTED_PLATFORMS = "iphoneos iphonesimulator macosx";
				SWIFT_EMIT_LOC_STRINGS = YES;
				SWIFT_VERSION = 5.0;
				TARGETED_DEVICE_FAMILY = "1,2";
			};
			name = Release;
		};
		BAA356042AD6323C0024A7B6 /* Debug */ = {
			isa = XCBuildConfiguration;
			buildSettings = {
				ALWAYS_EMBED_SWIFT_STANDARD_LIBRARIES = YES;
				BUNDLE_LOADER = "$(TEST_HOST)";
				CODE_SIGN_STYLE = Automatic;
				CURRENT_PROJECT_VERSION = 1;
				GENERATE_INFOPLIST_FILE = YES;
				IPHONEOS_DEPLOYMENT_TARGET = 17.0;
				MACOSX_DEPLOYMENT_TARGET = 14.0;
				MARKETING_VERSION = 1.0;
				PRODUCT_BUNDLE_IDENTIFIER = learningSwift1.ss3Tests;
				PRODUCT_NAME = "$(TARGET_NAME)";
				SDKROOT = auto;
				SUPPORTED_PLATFORMS = "iphoneos iphonesimulator macosx";
				SWIFT_EMIT_LOC_STRINGS = NO;
				SWIFT_VERSION = 5.0;
				TARGETED_DEVICE_FAMILY = "1,2";
				TEST_HOST = "$(BUILT_PRODUCTS_DIR)/ss3.app/$(BUNDLE_EXECUTABLE_FOLDER_PATH)/ss3";
			};
			name = Debug;
		};
		BAA356052AD6323C0024A7B6 /* Release */ = {
			isa = XCBuildConfiguration;
			buildSettings = {
				ALWAYS_EMBED_SWIFT_STANDARD_LIBRARIES = YES;
				BUNDLE_LOADER = "$(TEST_HOST)";
				CODE_SIGN_STYLE = Automatic;
				CURRENT_PROJECT_VERSION = 1;
				GENERATE_INFOPLIST_FILE = YES;
				IPHONEOS_DEPLOYMENT_TARGET = 17.0;
				MACOSX_DEPLOYMENT_TARGET = 14.0;
				MARKETING_VERSION = 1.0;
				PRODUCT_BUNDLE_IDENTIFIER = learningSwift1.ss3Tests;
				PRODUCT_NAME = "$(TARGET_NAME)";
				SDKROOT = auto;
				SUPPORTED_PLATFORMS = "iphoneos iphonesimulator macosx";
				SWIFT_EMIT_LOC_STRINGS = NO;
				SWIFT_VERSION = 5.0;
				TARGETED_DEVICE_FAMILY = "1,2";
				TEST_HOST = "$(BUILT_PRODUCTS_DIR)/ss3.app/$(BUNDLE_EXECUTABLE_FOLDER_PATH)/ss3";
			};
			name = Release;
		};
		BAA356072AD6323C0024A7B6 /* Debug */ = {
			isa = XCBuildConfiguration;
			buildSettings = {
				ALWAYS_EMBED_SWIFT_STANDARD_LIBRARIES = YES;
				CODE_SIGN_STYLE = Automatic;
				CURRENT_PROJECT_VERSION = 1;
				GENERATE_INFOPLIST_FILE = YES;
				IPHONEOS_DEPLOYMENT_TARGET = 17.0;
				MACOSX_DEPLOYMENT_TARGET = 14.0;
				MARKETING_VERSION = 1.0;
				PRODUCT_BUNDLE_IDENTIFIER = learningSwift1.ss3UITests;
				PRODUCT_NAME = "$(TARGET_NAME)";
				SDKROOT = auto;
				SUPPORTED_PLATFORMS = "iphoneos iphonesimulator macosx";
				SWIFT_EMIT_LOC_STRINGS = NO;
				SWIFT_VERSION = 5.0;
				TARGETED_DEVICE_FAMILY = "1,2";
				TEST_TARGET_NAME = ss3;
			};
			name = Debug;
		};
		BAA356082AD6323C0024A7B6 /* Release */ = {
			isa = XCBuildConfiguration;
			buildSettings = {
				ALWAYS_EMBED_SWIFT_STANDARD_LIBRARIES = YES;
				CODE_SIGN_STYLE = Automatic;
				CURRENT_PROJECT_VERSION = 1;
				GENERATE_INFOPLIST_FILE = YES;
				IPHONEOS_DEPLOYMENT_TARGET = 17.0;
				MACOSX_DEPLOYMENT_TARGET = 14.0;
				MARKETING_VERSION = 1.0;
				PRODUCT_BUNDLE_IDENTIFIER = learningSwift1.ss3UITests;
				PRODUCT_NAME = "$(TARGET_NAME)";
				SDKROOT = auto;
				SUPPORTED_PLATFORMS = "iphoneos iphonesimulator macosx";
				SWIFT_EMIT_LOC_STRINGS = NO;
				SWIFT_VERSION = 5.0;
				TARGETED_DEVICE_FAMILY = "1,2";
				TEST_TARGET_NAME = ss3;
			};
			name = Release;
		};
/* End XCBuildConfiguration section */

/* Begin XCConfigurationList section */
		BAA355D62AD6323B0024A7B6 /* Build configuration list for PBXProject "ss3" */ = {
			isa = XCConfigurationList;
			buildConfigurations = (
				BAA355FE2AD6323C0024A7B6 /* Debug */,
				BAA355FF2AD6323C0024A7B6 /* Release */,
			);
			defaultConfigurationIsVisible = 0;
			defaultConfigurationName = Release;
		};
		BAA356002AD6323C0024A7B6 /* Build configuration list for PBXNativeTarget "ss3" */ = {
			isa = XCConfigurationList;
			buildConfigurations = (
				BAA356012AD6323C0024A7B6 /* Debug */,
				BAA356022AD6323C0024A7B6 /* Release */,
			);
			defaultConfigurationIsVisible = 0;
			defaultConfigurationName = Release;
		};
		BAA356032AD6323C0024A7B6 /* Build configuration list for PBXNativeTarget "ss3Tests" */ = {
			isa = XCConfigurationList;
			buildConfigurations = (
				BAA356042AD6323C0024A7B6 /* Debug */,
				BAA356052AD6323C0024A7B6 /* Release */,
			);
			defaultConfigurationIsVisible = 0;
			defaultConfigurationName = Release;
		};
		BAA356062AD6323C0024A7B6 /* Build configuration list for PBXNativeTarget "ss3UITests" */ = {
			isa = XCConfigurationList;
			buildConfigurations = (
				BAA356072AD6323C0024A7B6 /* Debug */,
				BAA356082AD6323C0024A7B6 /* Release */,
			);
			defaultConfigurationIsVisible = 0;
			defaultConfigurationName = Release;
		};
/* End XCConfigurationList section */
	};
	rootObject = BAA355D32AD6323B0024A7B6 /* Project object */;
}
